
Microsoft Visual Studio Solution File, Format Version 12.00
# Visual Studio Version 16
VisualStudioVersion = 16.0.30413.136
MinimumVisualStudioVersion = 10.0.40219.1
Project("{FAE04EC0-301F-11D3-BF4B-00C04F79EFBC}") = "Fibonacci", "Fibonacci.csproj", "{B0A49186-855F-4324-9DE4-6DE1262A28D2}"
EndProject
Global
	GlobalSection(SolutionConfigurationPlatforms) = preSolution
		Debug|Any CPU = Debug|Any CPU
		Release|Any CPU = Release|Any CPU
	EndGlobalSection
	GlobalSection(ProjectConfigurationPlatforms) = postSolution
		{B0A49186-855F-4324-9DE4-6DE1262A28D2}.Debug|Any CPU.ActiveCfg = Debug|Any CPU
		{B0A49186-855F-4324-9DE4-6DE1262A28D2}.Debug|Any CPU.Build.0 = Debug|Any CPU
		{B0A49186-855F-4324-9DE4-6DE1262A28D2}.Release|Any CPU.ActiveCfg = Release|Any CPU
		{B0A49186-855F-4324-9DE4-6DE1262A28D2}.Release|Any CPU.Build.0 = Release|Any CPU
	EndGlobalSection
	GlobalSection(SolutionProperties) = preSolution
		HideSolutionNode = FALSE
	EndGlobalSection
	GlobalSection(ExtensibilityGlobals) = postSolution
		SolutionGuid = {31F1D936-BC1F-4421-BB3C-D180B2F68A6D}
	EndGlobalSection
EndGlobal
